{
  "name": "all-blog",
  "version": "1.0.0",
  "lockfileVersion": 1,
  "requires": true,
  "dependencies": {
    "smooth-dnd": {
      "version": "0.6.3",
      "resolved": "https://registry.npmjs.org/smooth-dnd/-/smooth-dnd-0.6.3.tgz",
      "integrity": "sha512-MT9YZK2+/GOWYLDUUrsaFpQ02DOGVxFRsX006uWdh3k2sZhKajDU6hkufznw3WFR6nO9ZqSfP5n21ekOUORwXg=="
    },
    "vue-smooth-dnd": {
      "version": "0.2.8",
      "resolved": "https://registry.npmjs.org/vue-smooth-dnd/-/vue-smooth-dnd-0.2.8.tgz",
      "integrity": "sha512-sJ+ZyjO2V6qbdHNVd8ICj4PCE+Yw4X8A7TehLPLm3HzHb1LmLFLBEelJAiWpijgs0mHC3XVzRqCox5SQsj2vqA==",
      "requires": {
        "smooth-dnd": "^0.6.3"
      }
    }
  }
}
